
Microsoft Visual Studio Solution File, Format Version 12.00
# Visual Studio 15
VisualStudioVersion = 15.0.28307.102
MinimumVisualStudioVersion = 10.0.40219.1
Project("{888888A0-9F3D-457C-B088-3A5042F75D52}") = "Prob 6", "Prob 6\Prob 6.pyproj", "{3D0EA930-B063-4E60-839A-CA363F158848}"
EndProject
Global
	GlobalSection(SolutionConfigurationPlatforms) = preSolution
		Debug|Any CPU = Debug|Any CPU
		Release|Any CPU = Release|Any CPU
	EndGlobalSection
	GlobalSection(ProjectConfigurationPlatforms) = postSolution
		{3D0EA930-B063-4E60-839A-CA363F158848}.Debug|Any CPU.ActiveCfg = Debug|Any CPU
		{3D0EA930-B063-4E60-839A-CA363F158848}.Release|Any CPU.ActiveCfg = Release|Any CPU
	EndGlobalSection
	GlobalSection(SolutionProperties) = preSolution
		HideSolutionNode = FALSE
	EndGlobalSection
	GlobalSection(ExtensibilityGlobals) = postSolution
		SolutionGuid = {F6F7A1A9-3A14-4F10-8F3A-EB081D6F38C0}
	EndGlobalSection
EndGlobal
